
Microsoft Visual Studio Solution File, Format Version 12.00
# Visual Studio Version 17
VisualStudioVersion = 17.11.35327.3
MinimumVisualStudioVersion = 10.0.40219.1
Project("{FAE04EC0-301F-11D3-BF4B-00C04F79EFBC}") = "EjercicioClase", "EjercicioClase\EjercicioClase.csproj", "{A3FD9409-05DD-4B99-807D-E132080F225B}"
EndProject
Global
	GlobalSection(SolutionConfigurationPlatforms) = preSolution
		Debug|Any CPU = Debug|Any CPU
		Release|Any CPU = Release|Any CPU
	EndGlobalSection
	GlobalSection(ProjectConfigurationPlatforms) = postSolution
		{A3FD9409-05DD-4B99-807D-E132080F225B}.Debug|Any CPU.ActiveCfg = Debug|Any CPU
		{A3FD9409-05DD-4B99-807D-E132080F225B}.Debug|Any CPU.Build.0 = Debug|Any CPU
		{A3FD9409-05DD-4B99-807D-E132080F225B}.Release|Any CPU.ActiveCfg = Release|Any CPU
		{A3FD9409-05DD-4B99-807D-E132080F225B}.Release|Any CPU.Build.0 = Release|Any CPU
	EndGlobalSection
	GlobalSection(SolutionProperties) = preSolution
		HideSolutionNode = FALSE
	EndGlobalSection
	GlobalSection(ExtensibilityGlobals) = postSolution
		SolutionGuid = {6D4F30B0-E5DC-44AB-AC3A-47BA978F2A8F}
	EndGlobalSection
EndGlobal
